
Microsoft Visual Studio Solution File, Format Version 12.00
# Visual Studio Version 16
VisualStudioVersion = 16.0.29306.81
MinimumVisualStudioVersion = 10.0.40219.1
Project("{FAE04EC0-301F-11D3-BF4B-00C04F79EFBC}") = "ConvertAnIPv4Address", "ConvertAnIPv4Address\ConvertAnIPv4Address.csproj", "{A0745DCC-5098-488A-9A51-D45206C86E31}"
EndProject
Project("{FAE04EC0-301F-11D3-BF4B-00C04F79EFBC}") = "UnitTestProject1", "UnitTestProject1\UnitTestProject1.csproj", "{9524B46F-4679-4EF7-8428-C773805405D4}"
EndProject
Global
	GlobalSection(SolutionConfigurationPlatforms) = preSolution
		Debug|Any CPU = Debug|Any CPU
		Release|Any CPU = Release|Any CPU
	EndGlobalSection
	GlobalSection(ProjectConfigurationPlatforms) = postSolution
		{A0745DCC-5098-488A-9A51-D45206C86E31}.Debug|Any CPU.ActiveCfg = Debug|Any CPU
		{A0745DCC-5098-488A-9A51-D45206C86E31}.Debug|Any CPU.Build.0 = Debug|Any CPU
		{A0745DCC-5098-488A-9A51-D45206C86E31}.Release|Any CPU.ActiveCfg = Release|Any CPU
		{A0745DCC-5098-488A-9A51-D45206C86E31}.Release|Any CPU.Build.0 = Release|Any CPU
		{9524B46F-4679-4EF7-8428-C773805405D4}.Debug|Any CPU.ActiveCfg = Debug|Any CPU
		{9524B46F-4679-4EF7-8428-C773805405D4}.Debug|Any CPU.Build.0 = Debug|Any CPU
		{9524B46F-4679-4EF7-8428-C773805405D4}.Release|Any CPU.ActiveCfg = Release|Any CPU
		{9524B46F-4679-4EF7-8428-C773805405D4}.Release|Any CPU.Build.0 = Release|Any CPU
	EndGlobalSection
	GlobalSection(SolutionProperties) = preSolution
		HideSolutionNode = FALSE
	EndGlobalSection
	GlobalSection(ExtensibilityGlobals) = postSolution
		SolutionGuid = {0862BA20-F25F-4AA8-8CDF-D31938A32D0C}
	EndGlobalSection
EndGlobal
